// !$*UTF8*$!
{
	archiveVersion = 1;
	classes = {
	};
	objectVersion = 46;
	objects = {

/* Begin PBXBuildFile section */
		C38030BC1C6DA41400C37FBA /* StudySetViewController.swift in Sources */ = {isa = PBXBuildFile; fileRef = C38030BB1C6DA41400C37FBA /* StudySetViewController.swift */; };
		C3BC86F01C6A74D300252F97 /* Flashcard.swift in Sources */ = {isa = PBXBuildFile; fileRef = C3BC86EF1C6A74D300252F97 /* Flashcard.swift */; };
		C3BC86F21C6A782600252F97 /* ViewSetsViewController.swift in Sources */ = {isa = PBXBuildFile; fileRef = C3BC86F11C6A782600252F97 /* ViewSetsViewController.swift */; };
		C3BC86F41C6A8B7500252F97 /* ImportQuizletViewController.swift in Sources */ = {isa = PBXBuildFile; fileRef = C3BC86F31C6A8B7500252F97 /* ImportQuizletViewController.swift */; };
		C3D7F1DB1C7574D800DA538B /* QuizletAPIManager.swift in Sources */ = {isa = PBXBuildFile; fileRef = C3D7F1DA1C7574D800DA538B /* QuizletAPIManager.swift */; };
		CD39B0691C730E1A00407A9D /* FlashcardViewController.swift in Sources */ = {isa = PBXBuildFile; fileRef = CD39B0681C730E1A00407A9D /* FlashcardViewController.swift */; };
		CD39B0701C7315FF00407A9D /* EditCardsViewController.swift in Sources */ = {isa = PBXBuildFile; fileRef = CD39B06F1C7315FF00407A9D /* EditCardsViewController.swift */; };
		CD39B0721C732B8F00407A9D /* EditCardsTableView.swift in Sources */ = {isa = PBXBuildFile; fileRef = CD39B0711C732B8F00407A9D /* EditCardsTableView.swift */; };
		CD39B0741C733C5900407A9D /* GameViewController.swift in Sources */ = {isa = PBXBuildFile; fileRef = CD39B0731C733C5800407A9D /* GameViewController.swift */; };
		CD39B0761C733C6200407A9D /* ResultViewController.swift in Sources */ = {isa = PBXBuildFile; fileRef = CD39B0751C733C6200407A9D /* ResultViewController.swift */; };
		CD39B0791C74302D00407A9D /* BadgesCollectionViewController.swift in Sources */ = {isa = PBXBuildFile; fileRef = CD39B0781C74302D00407A9D /* BadgesCollectionViewController.swift */; };
		CD39B07B1C74318A00407A9D /* BadgesViewController.swift in Sources */ = {isa = PBXBuildFile; fileRef = CD39B07A1C74318A00407A9D /* BadgesViewController.swift */; };
		CD9D24C31C6135FC001F75DF /* AppDelegate.swift in Sources */ = {isa = PBXBuildFile; fileRef = CD9D24C21C6135FC001F75DF /* AppDelegate.swift */; };
		CD9D24C51C6135FC001F75DF /* LoginViewController.swift in Sources */ = {isa = PBXBuildFile; fileRef = CD9D24C41C6135FC001F75DF /* LoginViewController.swift */; };
		CD9D24C81C6135FC001F75DF /* Main.storyboard in Resources */ = {isa = PBXBuildFile; fileRef = CD9D24C61C6135FC001F75DF /* Main.storyboard */; };
		CD9D24CA1C6135FC001F75DF /* Assets.xcassets in Resources */ = {isa = PBXBuildFile; fileRef = CD9D24C91C6135FC001F75DF /* Assets.xcassets */; };
		CD9D24CD1C6135FC001F75DF /* LaunchScreen.storyboard in Resources */ = {isa = PBXBuildFile; fileRef = CD9D24CB1C6135FC001F75DF /* LaunchScreen.storyboard */; };
		CD9D24D81C6135FC001F75DF /* SavvyTests.swift in Sources */ = {isa = PBXBuildFile; fileRef = CD9D24D71C6135FC001F75DF /* SavvyTests.swift */; };
		CD9D24E31C6135FC001F75DF /* SavvyUITests.swift in Sources */ = {isa = PBXBuildFile; fileRef = CD9D24E21C6135FC001F75DF /* SavvyUITests.swift */; };
		CD9D24F31C613709001F75DF /* FBSDKCoreKit.framework in Frameworks */ = {isa = PBXBuildFile; fileRef = CD9D24F01C613709001F75DF /* FBSDKCoreKit.framework */; };
		CD9D24F41C613709001F75DF /* FBSDKLoginKit.framework in Frameworks */ = {isa = PBXBuildFile; fileRef = CD9D24F11C613709001F75DF /* FBSDKLoginKit.framework */; };
		CD9D24F51C613709001F75DF /* FBSDKMessengerShareKit.framework in Frameworks */ = {isa = PBXBuildFile; fileRef = CD9D24F21C613709001F75DF /* FBSDKMessengerShareKit.framework */; };
		CD9D24F71C614AFA001F75DF /* HomeViewController.swift in Sources */ = {isa = PBXBuildFile; fileRef = CD9D24F61C614AFA001F75DF /* HomeViewController.swift */; };
		CD9D24FD1C69E467001F75DF /* CreateSetController.swift in Sources */ = {isa = PBXBuildFile; fileRef = CD9D24FC1C69E466001F75DF /* CreateSetController.swift */; };
/* End PBXBuildFile section */

/* Begin PBXContainerItemProxy section */
		CD6B23EE1C758CD6004C6401 /* PBXContainerItemProxy */ = {
			isa = PBXContainerItemProxy;
			containerPortal = C3D7F1DD1C75778D00DA538B /* Alamofire.xcodeproj */;
			proxyType = 2;
			remoteGlobalIDString = F8111E3319A95C8B0040E7D1;
			remoteInfo = "Alamofire iOS";
		};
		CD6B23F01C758CD6004C6401 /* PBXContainerItemProxy */ = {
			isa = PBXContainerItemProxy;
			containerPortal = C3D7F1DD1C75778D00DA538B /* Alamofire.xcodeproj */;
			proxyType = 2;
			remoteGlobalIDString = F8111E3E19A95C8B0040E7D1;
			remoteInfo = "Alamofire iOS Tests";
		};
		CD6B23F21C758CD6004C6401 /* PBXContainerItemProxy */ = {
			isa = PBXContainerItemProxy;
			containerPortal = C3D7F1DD1C75778D00DA538B /* Alamofire.xcodeproj */;
			proxyType = 2;
			remoteGlobalIDString = 4DD67C0B1A5C55C900ED2280;
			remoteInfo = "Alamofire OSX";
		};
		CD6B23F41C758CD6004C6401 /* PBXContainerItemProxy */ = {
			isa = PBXContainerItemProxy;
			containerPortal = C3D7F1DD1C75778D00DA538B /* Alamofire.xcodeproj */;
			proxyType = 2;
			remoteGlobalIDString = F829C6B21A7A94F100A2CD59;
			remoteInfo = "Alamofire OSX Tests";
		};
		CD6B23F61C758CD6004C6401 /* PBXContainerItemProxy */ = {
			isa = PBXContainerItemProxy;
			containerPortal = C3D7F1DD1C75778D00DA538B /* Alamofire.xcodeproj */;
			proxyType = 2;
			remoteGlobalIDString = 4CF626EF1BA7CB3E0011A099;
			remoteInfo = "Alamofire tvOS";
		};
		CD6B23F81C758CD6004C6401 /* PBXContainerItemProxy */ = {
			isa = PBXContainerItemProxy;
			containerPortal = C3D7F1DD1C75778D00DA538B /* Alamofire.xcodeproj */;
			proxyType = 2;
			remoteGlobalIDString = 4CF626F81BA7CB3E0011A099;
			remoteInfo = "Alamofire tvOS Tests";
		};
		CD6B23FA1C758CD6004C6401 /* PBXContainerItemProxy */ = {
			isa = PBXContainerItemProxy;
			containerPortal = C3D7F1DD1C75778D00DA538B /* Alamofire.xcodeproj */;
			proxyType = 2;
			remoteGlobalIDString = E4202FE01B667AA100C997FB;
			remoteInfo = "Alamofire watchOS";
		};
		CD9D24D41C6135FC001F75DF /* PBXContainerItemProxy */ = {
			isa = PBXContainerItemProxy;
			containerPortal = CD9D24B71C6135FC001F75DF /* Project object */;
			proxyType = 1;
			remoteGlobalIDString = CD9D24BE1C6135FC001F75DF;
			remoteInfo = Savvy;
		};
		CD9D24DF1C6135FC001F75DF /* PBXContainerItemProxy */ = {
			isa = PBXContainerItemProxy;
			containerPortal = CD9D24B71C6135FC001F75DF /* Project object */;
			proxyType = 1;
			remoteGlobalIDString = CD9D24BE1C6135FC001F75DF;
			remoteInfo = Savvy;
		};
/* End PBXContainerItemProxy section */

/* Begin PBXFileReference section */
		C38030BB1C6DA41400C37FBA /* StudySetViewController.swift */ = {isa = PBXFileReference; fileEncoding = 4; lastKnownFileType = sourcecode.swift; path = StudySetViewController.swift; sourceTree = "<group>"; };
		C3BC86EF1C6A74D300252F97 /* Flashcard.swift */ = {isa = PBXFileReference; fileEncoding = 4; lastKnownFileType = sourcecode.swift; path = Flashcard.swift; sourceTree = "<group>"; };
		C3BC86F11C6A782600252F97 /* ViewSetsViewController.swift */ = {isa = PBXFileReference; fileEncoding = 4; lastKnownFileType = sourcecode.swift; path = ViewSetsViewController.swift; sourceTree = "<group>"; };
		C3BC86F31C6A8B7500252F97 /* ImportQuizletViewController.swift */ = {isa = PBXFileReference; fileEncoding = 4; lastKnownFileType = sourcecode.swift; path = ImportQuizletViewController.swift; sourceTree = "<group>"; };
		C3D7F1DA1C7574D800DA538B /* QuizletAPIManager.swift */ = {isa = PBXFileReference; fileEncoding = 4; lastKnownFileType = sourcecode.swift; path = QuizletAPIManager.swift; sourceTree = "<group>"; };
		C3D7F1DD1C75778D00DA538B /* Alamofire.xcodeproj */ = {isa = PBXFileReference; lastKnownFileType = "wrapper.pb-project"; name = Alamofire.xcodeproj; path = "../Alamofire-master/Alamofire.xcodeproj"; sourceTree = "<group>"; };
		CD39B0681C730E1A00407A9D /* FlashcardViewController.swift */ = {isa = PBXFileReference; fileEncoding = 4; lastKnownFileType = sourcecode.swift; path = FlashcardViewController.swift; sourceTree = "<group>"; };
		CD39B06F1C7315FF00407A9D /* EditCardsViewController.swift */ = {isa = PBXFileReference; fileEncoding = 4; lastKnownFileType = sourcecode.swift; path = EditCardsViewController.swift; sourceTree = "<group>"; };
		CD39B0711C732B8F00407A9D /* EditCardsTableView.swift */ = {isa = PBXFileReference; fileEncoding = 4; lastKnownFileType = sourcecode.swift; name = EditCardsTableView.swift; path = ../EditCardsTableView.swift; sourceTree = "<group>"; };
		CD39B0731C733C5800407A9D /* GameViewController.swift */ = {isa = PBXFileReference; fileEncoding = 4; lastKnownFileType = sourcecode.swift; path = GameViewController.swift; sourceTree = "<group>"; };
		CD39B0751C733C6200407A9D /* ResultViewController.swift */ = {isa = PBXFileReference; fileEncoding = 4; lastKnownFileType = sourcecode.swift; path = ResultViewController.swift; sourceTree = "<group>"; };
		CD39B0781C74302D00407A9D /* BadgesCollectionViewController.swift */ = {isa = PBXFileReference; fileEncoding = 4; lastKnownFileType = sourcecode.swift; path = BadgesCollectionViewController.swift; sourceTree = "<group>"; };
		CD39B07A1C74318A00407A9D /* BadgesViewController.swift */ = {isa = PBXFileReference; fileEncoding = 4; lastKnownFileType = sourcecode.swift; path = BadgesViewController.swift; sourceTree = "<group>"; };
		CD9D24BF1C6135FC001F75DF /* Savvy.app */ = {isa = PBXFileReference; explicitFileType = wrapper.application; includeInIndex = 0; path = Savvy.app; sourceTree = BUILT_PRODUCTS_DIR; };
		CD9D24C21C6135FC001F75DF /* AppDelegate.swift */ = {isa = PBXFileReference; lastKnownFileType = sourcecode.swift; path = AppDelegate.swift; sourceTree = "<group>"; };
		CD9D24C41C6135FC001F75DF /* LoginViewController.swift */ = {isa = PBXFileReference; lastKnownFileType = sourcecode.swift; path = LoginViewController.swift; sourceTree = "<group>"; };
		CD9D24C71C6135FC001F75DF /* Base */ = {isa = PBXFileReference; lastKnownFileType = file.storyboard; name = Base; path = Base.lproj/Main.storyboard; sourceTree = "<group>"; };
		CD9D24C91C6135FC001F75DF /* Assets.xcassets */ = {isa = PBXFileReference; lastKnownFileType = folder.assetcatalog; path = Assets.xcassets; sourceTree = "<group>"; };
		CD9D24CC1C6135FC001F75DF /* Base */ = {isa = PBXFileReference; lastKnownFileType = file.storyboard; name = Base; path = Base.lproj/LaunchScreen.storyboard; sourceTree = "<group>"; };
		CD9D24CE1C6135FC001F75DF /* Info.plist */ = {isa = PBXFileReference; lastKnownFileType = text.plist.xml; path = Info.plist; sourceTree = "<group>"; };
		CD9D24D31C6135FC001F75DF /* SavvyTests.xctest */ = {isa = PBXFileReference; explicitFileType = wrapper.cfbundle; includeInIndex = 0; path = SavvyTests.xctest; sourceTree = BUILT_PRODUCTS_DIR; };
		CD9D24D71C6135FC001F75DF /* SavvyTests.swift */ = {isa = PBXFileReference; lastKnownFileType = sourcecode.swift; path = SavvyTests.swift; sourceTree = "<group>"; };
		CD9D24D91C6135FC001F75DF /* Info.plist */ = {isa = PBXFileReference; lastKnownFileType = text.plist.xml; path = Info.plist; sourceTree = "<group>"; };
		CD9D24DE1C6135FC001F75DF /* SavvyUITests.xctest */ = {isa = PBXFileReference; explicitFileType = wrapper.cfbundle; includeInIndex = 0; path = SavvyUITests.xctest; sourceTree = BUILT_PRODUCTS_DIR; };
		CD9D24E21C6135FC001F75DF /* SavvyUITests.swift */ = {isa = PBXFileReference; lastKnownFileType = sourcecode.swift; path = SavvyUITests.swift; sourceTree = "<group>"; };
		CD9D24E41C6135FC001F75DF /* Info.plist */ = {isa = PBXFileReference; lastKnownFileType = text.plist.xml; path = Info.plist; sourceTree = "<group>"; };
		CD9D24F01C613709001F75DF /* FBSDKCoreKit.framework */ = {isa = PBXFileReference; lastKnownFileType = wrapper.framework; path = FBSDKCoreKit.framework; sourceTree = "<group>"; };
		CD9D24F11C613709001F75DF /* FBSDKLoginKit.framework */ = {isa = PBXFileReference; lastKnownFileType = wrapper.framework; path = FBSDKLoginKit.framework; sourceTree = "<group>"; };
		CD9D24F21C613709001F75DF /* FBSDKMessengerShareKit.framework */ = {isa = PBXFileReference; lastKnownFileType = wrapper.framework; path = FBSDKMessengerShareKit.framework; sourceTree = "<group>"; };
		CD9D24F61C614AFA001F75DF /* HomeViewController.swift */ = {isa = PBXFileReference; fileEncoding = 4; lastKnownFileType = sourcecode.swift; path = HomeViewController.swift; sourceTree = "<group>"; };
		CD9D24FC1C69E466001F75DF /* CreateSetController.swift */ = {isa = PBXFileReference; fileEncoding = 4; lastKnownFileType = sourcecode.swift; path = CreateSetController.swift; sourceTree = "<group>"; };
/* End PBXFileReference section */

/* Begin PBXFrameworksBuildPhase section */
		CD9D24BC1C6135FC001F75DF /* Frameworks */ = {
			isa = PBXFrameworksBuildPhase;
			buildActionMask = 2147483647;
			files = (
				CD9D24F41C613709001F75DF /* FBSDKLoginKit.framework in Frameworks */,
				CD9D24F51C613709001F75DF /* FBSDKMessengerShareKit.framework in Frameworks */,
				CD9D24F31C613709001F75DF /* FBSDKCoreKit.framework in Frameworks */,
			);
			runOnlyForDeploymentPostprocessing = 0;
		};
		CD9D24D01C6135FC001F75DF /* Frameworks */ = {
			isa = PBXFrameworksBuildPhase;
			buildActionMask = 2147483647;
			files = (
			);
			runOnlyForDeploymentPostprocessing = 0;
		};
		CD9D24DB1C6135FC001F75DF /* Frameworks */ = {
			isa = PBXFrameworksBuildPhase;
			buildActionMask = 2147483647;
			files = (
			);
			runOnlyForDeploymentPostprocessing = 0;
		};
/* End PBXFrameworksBuildPhase section */

/* Begin PBXGroup section */
		C3D7F1DC1C75754B00DA538B /* Quizlet */ = {
			isa = PBXGroup;
			children = (
				C3D7F1DA1C7574D800DA538B /* QuizletAPIManager.swift */,
				C3BC86F31C6A8B7500252F97 /* ImportQuizletViewController.swift */,
			);
			name = Quizlet;
			sourceTree = "<group>";
		};
		CD39B06A1C730E1F00407A9D /* Flashcards */ = {
			isa = PBXGroup;
			children = (
				C3BC86EF1C6A74D300252F97 /* Flashcard.swift */,
				CD39B0681C730E1A00407A9D /* FlashcardViewController.swift */,
			);
			name = Flashcards;
			sourceTree = "<group>";
		};
		CD39B0771C733C6800407A9D /* Game */ = {
			isa = PBXGroup;
			children = (
				CD39B0731C733C5800407A9D /* GameViewController.swift */,
				CD39B0751C733C6200407A9D /* ResultViewController.swift */,
			);
			name = Game;
			sourceTree = "<group>";
		};
		CD39B07C1C74318E00407A9D /* Badges */ = {
			isa = PBXGroup;
			children = (
				CD39B0781C74302D00407A9D /* BadgesCollectionViewController.swift */,
				CD39B07A1C74318A00407A9D /* BadgesViewController.swift */,
			);
			name = Badges;
			sourceTree = "<group>";
		};
		CD39B07D1C74319600407A9D /* EditCards */ = {
			isa = PBXGroup;
			children = (
				CD39B06F1C7315FF00407A9D /* EditCardsViewController.swift */,
				CD39B0711C732B8F00407A9D /* EditCardsTableView.swift */,
			);
			name = EditCards;
			sourceTree = "<group>";
		};
		CD6B23E51C758CD6004C6401 /* Products */ = {
			isa = PBXGroup;
			children = (
				CD6B23EF1C758CD6004C6401 /* Alamofire.framework */,
				CD6B23F11C758CD6004C6401 /* Alamofire iOS Tests.xctest */,
				CD6B23F31C758CD6004C6401 /* Alamofire.framework */,
				CD6B23F51C758CD6004C6401 /* Alamofire OSX Tests.xctest */,
				CD6B23F71C758CD6004C6401 /* Alamofire.framework */,
				CD6B23F91C758CD6004C6401 /* Alamofire tvOS Tests.xctest */,
				CD6B23FB1C758CD6004C6401 /* Alamofire.framework */,
			);
			name = Products;
			sourceTree = "<group>";
		};
		CD6B23FC1C758CDC004C6401 /* APIs */ = {
			isa = PBXGroup;
			children = (
				CD6B24A41C759644004C6401 /* Alamofire */,
				CD6B24AC1C75964B004C6401 /* Facebook */,
			);
			name = APIs;
			sourceTree = "<group>";
		};
		CD6B24A41C759644004C6401 /* Alamofire */ = {
			isa = PBXGroup;
			children = (
				C3D7F1DD1C75778D00DA538B /* Alamofire.xcodeproj */,
			);
			name = Alamofire;
			sourceTree = "<group>";
		};
		CD6B24AC1C75964B004C6401 /* Facebook */ = {
			isa = PBXGroup;
			children = (
				CD9D24F01C613709001F75DF /* FBSDKCoreKit.framework */,
				CD9D24F11C613709001F75DF /* FBSDKLoginKit.framework */,
				CD9D24F21C613709001F75DF /* FBSDKMessengerShareKit.framework */,
			);
			name = Facebook;
			sourceTree = "<group>";
		};
		CD9D24B61C6135FC001F75DF = {
			isa = PBXGroup;
			children = (
				CD9D24C11C6135FC001F75DF /* Savvy */,
				CD9D24D61C6135FC001F75DF /* SavvyTests */,
				CD9D24E11C6135FC001F75DF /* SavvyUITests */,
				CD9D24C01C6135FC001F75DF /* Products */,
			);
			sourceTree = "<group>";
		};
		CD9D24C01C6135FC001F75DF /* Products */ = {
			isa = PBXGroup;
			children = (
				CD9D24BF1C6135FC001F75DF /* Savvy.app */,
				CD9D24D31C6135FC001F75DF /* SavvyTests.xctest */,
				CD9D24DE1C6135FC001F75DF /* SavvyUITests.xctest */,
			);
			name = Products;
			sourceTree = "<group>";
		};
		CD9D24C11C6135FC001F75DF /* Savvy */ = {
			isa = PBXGroup;
			children = (
				CD6B23FC1C758CDC004C6401 /* APIs */,
				CD39B06A1C730E1F00407A9D /* Flashcards */,
				CD39B0771C733C6800407A9D /* Game */,
				CD9D24C21C6135FC001F75DF /* AppDelegate.swift */,
				C3D7F1DC1C75754B00DA538B /* Quizlet */,
				CD9D24C41C6135FC001F75DF /* LoginViewController.swift */,
				CD9D24F61C614AFA001F75DF /* HomeViewController.swift */,
				CD9D24FC1C69E466001F75DF /* CreateSetController.swift */,
				CD39B07D1C74319600407A9D /* EditCards */,
				C3BC86F11C6A782600252F97 /* ViewSetsViewController.swift */,
				C38030BB1C6DA41400C37FBA /* StudySetViewController.swift */,
				CD39B07C1C74318E00407A9D /* Badges */,
				CD9D24C61C6135FC001F75DF /* Main.storyboard */,
				CD9D24CB1C6135FC001F75DF /* LaunchScreen.storyboard */,
				CD9D24CE1C6135FC001F75DF /* Info.plist */,
				CD9D24C91C6135FC001F75DF /* Assets.xcassets */,
			);
			path = Savvy;
			sourceTree = "<group>";
		};
		CD9D24D61C6135FC001F75DF /* SavvyTests */ = {
			isa = PBXGroup;
			children = (
				CD9D24D71C6135FC001F75DF /* SavvyTests.swift */,
				CD9D24D91C6135FC001F75DF /* Info.plist */,
			);
			path = SavvyTests;
			sourceTree = "<group>";
		};
		CD9D24E11C6135FC001F75DF /* SavvyUITests */ = {
			isa = PBXGroup;
			children = (
				CD9D24E21C6135FC001F75DF /* SavvyUITests.swift */,
				CD9D24E41C6135FC001F75DF /* Info.plist */,
			);
			path = SavvyUITests;
			sourceTree = "<group>";
		};
/* End PBXGroup section */

/* Begin PBXNativeTarget section */
		CD9D24BE1C6135FC001F75DF /* Savvy */ = {
			isa = PBXNativeTarget;
			buildConfigurationList = CD9D24E71C6135FC001F75DF /* Build configuration list for PBXNativeTarget "Savvy" */;
			buildPhases = (
				CD9D24BB1C6135FC001F75DF /* Sources */,
				CD9D24BC1C6135FC001F75DF /* Frameworks */,
				CD9D24BD1C6135FC001F75DF /* Resources */,
			);
			buildRules = (
			);
			dependencies = (
			);
			name = Savvy;
			productName = Savvy;
			productReference = CD9D24BF1C6135FC001F75DF /* Savvy.app */;
			productType = "com.apple.product-type.application";
		};
		CD9D24D21C6135FC001F75DF /* SavvyTests */ = {
			isa = PBXNativeTarget;
			buildConfigurationList = CD9D24EA1C6135FC001F75DF /* Build configuration list for PBXNativeTarget "SavvyTests" */;
			buildPhases = (
				CD9D24CF1C6135FC001F75DF /* Sources */,
				CD9D24D01C6135FC001F75DF /* Frameworks */,
				CD9D24D11C6135FC001F75DF /* Resources */,
			);
			buildRules = (
			);
			dependencies = (
				CD9D24D51C6135FC001F75DF /* PBXTargetDependency */,
			);
			name = SavvyTests;
			productName = SavvyTests;
			productReference = CD9D24D31C6135FC001F75DF /* SavvyTests.xctest */;
			productType = "com.apple.product-type.bundle.unit-test";
		};
		CD9D24DD1C6135FC001F75DF /* SavvyUITests */ = {
			isa = PBXNativeTarget;
			buildConfigurationList = CD9D24ED1C6135FC001F75DF /* Build configuration list for PBXNativeTarget "SavvyUITests" */;
			buildPhases = (
				CD9D24DA1C6135FC001F75DF /* Sources */,
				CD9D24DB1C6135FC001F75DF /* Frameworks */,
				CD9D24DC1C6135FC001F75DF /* Resources */,
			);
			buildRules = (
			);
			dependencies = (
				CD9D24E01C6135FC001F75DF /* PBXTargetDependency */,
			);
			name = SavvyUITests;
			productName = SavvyUITests;
			productReference = CD9D24DE1C6135FC001F75DF /* SavvyUITests.xctest */;
			productType = "com.apple.product-type.bundle.ui-testing";
		};
/* End PBXNativeTarget section */

/* Begin PBXProject section */
		CD9D24B71C6135FC001F75DF /* Project object */ = {
			isa = PBXProject;
			attributes = {
				LastSwiftUpdateCheck = 0720;
				LastUpgradeCheck = 0720;
				ORGANIZATIONNAME = "Deborah Newberry";
				TargetAttributes = {
					CD9D24BE1C6135FC001F75DF = {
						CreatedOnToolsVersion = 7.2;
						DevelopmentTeam = KP537WFKBH;
					};
					CD9D24D21C6135FC001F75DF = {
						CreatedOnToolsVersion = 7.2;
						DevelopmentTeam = KP537WFKBH;
						TestTargetID = CD9D24BE1C6135FC001F75DF;
					};
					CD9D24DD1C6135FC001F75DF = {
						CreatedOnToolsVersion = 7.2;
						DevelopmentTeam = KP537WFKBH;
						TestTargetID = CD9D24BE1C6135FC001F75DF;
					};
				};
			};
			buildConfigurationList = CD9D24BA1C6135FC001F75DF /* Build configuration list for PBXProject "Savvy" */;
			compatibilityVersion = "Xcode 3.2";
			developmentRegion = English;
			hasScannedForEncodings = 0;
			knownRegions = (
				en,
				Base,
			);
			mainGroup = CD9D24B61C6135FC001F75DF;
			productRefGroup = CD9D24C01C6135FC001F75DF /* Products */;
			projectDirPath = "";
			projectReferences = (
				{
					ProductGroup = CD6B23E51C758CD6004C6401 /* Products */;
					ProjectRef = C3D7F1DD1C75778D00DA538B /* Alamofire.xcodeproj */;
				},
			);
			projectRoot = "";
			targets = (
				CD9D24BE1C6135FC001F75DF /* Savvy */,
				CD9D24D21C6135FC001F75DF /* SavvyTests */,
				CD9D24DD1C6135FC001F75DF /* SavvyUITests */,
			);
		};
/* End PBXProject section */

/* Begin PBXReferenceProxy section */
		CD6B23EF1C758CD6004C6401 /* Alamofire.framework */ = {
			isa = PBXReferenceProxy;
			fileType = wrapper.framework;
			path = Alamofire.framework;
			remoteRef = CD6B23EE1C758CD6004C6401 /* PBXContainerItemProxy */;
			sourceTree = BUILT_PRODUCTS_DIR;
		};
		CD6B23F11C758CD6004C6401 /* Alamofire iOS Tests.xctest */ = {
			isa = PBXReferenceProxy;
			fileType = wrapper.cfbundle;
			path = "Alamofire iOS Tests.xctest";
			remoteRef = CD6B23F01C758CD6004C6401 /* PBXContainerItemProxy */;
			sourceTree = BUILT_PRODUCTS_DIR;
		};
		CD6B23F31C758CD6004C6401 /* Alamofire.framework */ = {
			isa = PBXReferenceProxy;
			fileType = wrapper.framework;
			path = Alamofire.framework;
			remoteRef = CD6B23F21C758CD6004C6401 /* PBXContainerItemProxy */;
			sourceTree = BUILT_PRODUCTS_DIR;
		};
		CD6B23F51C758CD6004C6401 /* Alamofire OSX Tests.xctest */ = {
			isa = PBXReferenceProxy;
			fileType = wrapper.cfbundle;
			path = "Alamofire OSX Tests.xctest";
			remoteRef = CD6B23F41C758CD6004C6401 /* PBXContainerItemProxy */;
			sourceTree = BUILT_PRODUCTS_DIR;
		};
		CD6B23F71C758CD6004C6401 /* Alamofire.framework */ = {
			isa = PBXReferenceProxy;
			fileType = wrapper.framework;
			path = Alamofire.framework;
			remoteRef = CD6B23F61C758CD6004C6401 /* PBXContainerItemProxy */;
			sourceTree = BUILT_PRODUCTS_DIR;
		};
		CD6B23F91C758CD6004C6401 /* Alamofire tvOS Tests.xctest */ = {
			isa = PBXReferenceProxy;
			fileType = wrapper.cfbundle;
			path = "Alamofire tvOS Tests.xctest";
			remoteRef = CD6B23F81C758CD6004C6401 /* PBXContainerItemProxy */;
			sourceTree = BUILT_PRODUCTS_DIR;
		};
		CD6B23FB1C758CD6004C6401 /* Alamofire.framework */ = {
			isa = PBXReferenceProxy;
			fileType = wrapper.framework;
			path = Alamofire.framework;
			remoteRef = CD6B23FA1C758CD6004C6401 /* PBXContainerItemProxy */;
			sourceTree = BUILT_PRODUCTS_DIR;
		};
/* End PBXReferenceProxy section */

/* Begin PBXResourcesBuildPhase section */
		CD9D24BD1C6135FC001F75DF /* Resources */ = {
			isa = PBXResourcesBuildPhase;
			buildActionMask = 2147483647;
			files = (
				CD9D24CD1C6135FC001F75DF /* LaunchScreen.storyboard in Resources */,
				CD9D24CA1C6135FC001F75DF /* Assets.xcassets in Resources */,
				CD9D24C81C6135FC001F75DF /* Main.storyboard in Resources */,
			);
			runOnlyForDeploymentPostprocessing = 0;
		};
		CD9D24D11C6135FC001F75DF /* Resources */ = {
			isa = PBXResourcesBuildPhase;
			buildActionMask = 2147483647;
			files = (
			);
			runOnlyForDeploymentPostprocessing = 0;
		};
		CD9D24DC1C6135FC001F75DF /* Resources */ = {
			isa = PBXResourcesBuildPhase;
			buildActionMask = 2147483647;
			files = (
			);
			runOnlyForDeploymentPostprocessing = 0;
		};
/* End PBXResourcesBuildPhase section */

/* Begin PBXSourcesBuildPhase section */
		CD9D24BB1C6135FC001F75DF /* Sources */ = {
			isa = PBXSourcesBuildPhase;
			buildActionMask = 2147483647;
			files = (
				CD39B0761C733C6200407A9D /* ResultViewController.swift in Sources */,
				CD39B0721C732B8F00407A9D /* EditCardsTableView.swift in Sources */,
				C3BC86F01C6A74D300252F97 /* Flashcard.swift in Sources */,
				C3BC86F21C6A782600252F97 /* ViewSetsViewController.swift in Sources */,
				CD39B07B1C74318A00407A9D /* BadgesViewController.swift in Sources */,
				C3D7F1DB1C7574D800DA538B /* QuizletAPIManager.swift in Sources */,
				CD9D24FD1C69E467001F75DF /* CreateSetController.swift in Sources */,
				CD39B0741C733C5900407A9D /* GameViewController.swift in Sources */,
				C3BC86F41C6A8B7500252F97 /* ImportQuizletViewController.swift in Sources */,
				CD9D24C51C6135FC001F75DF /* LoginViewController.swift in Sources */,
				CD39B0791C74302D00407A9D /* BadgesCollectionViewController.swift in Sources */,
				CD9D24C31C6135FC001F75DF /* AppDelegate.swift in Sources */,
				CD39B0701C7315FF00407A9D /* EditCardsViewController.swift in Sources */,
				CD39B0691C730E1A00407A9D /* FlashcardViewController.swift in Sources */,
				CD9D24F71C614AFA001F75DF /* HomeViewController.swift in Sources */,
				C38030BC1C6DA41400C37FBA /* StudySetViewController.swift in Sources */,
			);
			runOnlyForDeploymentPostprocessing = 0;
		};
		CD9D24CF1C6135FC001F75DF /* Sources */ = {
			isa = PBXSourcesBuildPhase;
			buildActionMask = 2147483647;
			files = (
				CD9D24D81C6135FC001F75DF /* SavvyTests.swift in Sources */,
			);
			runOnlyForDeploymentPostprocessing = 0;
		};
		CD9D24DA1C6135FC001F75DF /* Sources */ = {
			isa = PBXSourcesBuildPhase;
			buildActionMask = 2147483647;
			files = (
				CD9D24E31C6135FC001F75DF /* SavvyUITests.swift in Sources */,
			);
			runOnlyForDeploymentPostprocessing = 0;
		};
/* End PBXSourcesBuildPhase section */

/* Begin PBXTargetDependency section */
		CD9D24D51C6135FC001F75DF /* PBXTargetDependency */ = {
			isa = PBXTargetDependency;
			target = CD9D24BE1C6135FC001F75DF /* Savvy */;
			targetProxy = CD9D24D41C6135FC001F75DF /* PBXContainerItemProxy */;
		};
		CD9D24E01C6135FC001F75DF /* PBXTargetDependency */ = {
			isa = PBXTargetDependency;
			target = CD9D24BE1C6135FC001F75DF /* Savvy */;
			targetProxy = CD9D24DF1C6135FC001F75DF /* PBXContainerItemProxy */;
		};
/* End PBXTargetDependency section */

/* Begin PBXVariantGroup section */
		CD9D24C61C6135FC001F75DF /* Main.storyboard */ = {
			isa = PBXVariantGroup;
			children = (
				CD9D24C71C6135FC001F75DF /* Base */,
			);
			name = Main.storyboard;
			sourceTree = "<group>";
		};
		CD9D24CB1C6135FC001F75DF /* LaunchScreen.storyboard */ = {
			isa = PBXVariantGroup;
			children = (
				CD9D24CC1C6135FC001F75DF /* Base */,
			);
			name = LaunchScreen.storyboard;
			sourceTree = "<group>";
		};
/* End PBXVariantGroup section */

/* Begin XCBuildConfiguration section */
		CD9D24E51C6135FC001F75DF /* Debug */ = {
			isa = XCBuildConfiguration;
			buildSettings = {
				ALWAYS_SEARCH_USER_PATHS = NO;
				CLANG_CXX_LANGUAGE_STANDARD = "gnu++0x";
				CLANG_CXX_LIBRARY = "libc++";
				CLANG_ENABLE_MODULES = YES;
				CLANG_ENABLE_OBJC_ARC = YES;
				CLANG_WARN_BOOL_CONVERSION = YES;
				CLANG_WARN_CONSTANT_CONVERSION = YES;
				CLANG_WARN_DIRECT_OBJC_ISA_USAGE = YES_ERROR;
				CLANG_WARN_EMPTY_BODY = YES;
				CLANG_WARN_ENUM_CONVERSION = YES;
				CLANG_WARN_INT_CONVERSION = YES;
				CLANG_WARN_OBJC_ROOT_CLASS = YES_ERROR;
				CLANG_WARN_UNREACHABLE_CODE = YES;
				CLANG_WARN__DUPLICATE_METHOD_MATCH = YES;
				"CODE_SIGN_IDENTITY[sdk=iphoneos*]" = "iPhone Developer";
				COPY_PHASE_STRIP = NO;
				DEBUG_INFORMATION_FORMAT = dwarf;
				ENABLE_STRICT_OBJC_MSGSEND = YES;
				ENABLE_TESTABILITY = YES;
				GCC_C_LANGUAGE_STANDARD = gnu99;
				GCC_DYNAMIC_NO_PIC = NO;
				GCC_NO_COMMON_BLOCKS = YES;
				GCC_OPTIMIZATION_LEVEL = 0;
				GCC_PREPROCESSOR_DEFINITIONS = (
					"DEBUG=1",
					"$(inherited)",
				);
				GCC_WARN_64_TO_32_BIT_CONVERSION = YES;
				GCC_WARN_ABOUT_RETURN_TYPE = YES_ERROR;
				GCC_WARN_UNDECLARED_SELECTOR = YES;
				GCC_WARN_UNINITIALIZED_AUTOS = YES_AGGRESSIVE;
				GCC_WARN_UNUSED_FUNCTION = YES;
				GCC_WARN_UNUSED_VARIABLE = YES;
				IPHONEOS_DEPLOYMENT_TARGET = 9.2;
				MTL_ENABLE_DEBUG_INFO = YES;
				ONLY_ACTIVE_ARCH = YES;
				SDKROOT = iphoneos;
				SWIFT_OPTIMIZATION_LEVEL = "-Onone";
				TARGETED_DEVICE_FAMILY = "1,2";
			};
			name = Debug;
		};
		CD9D24E61C6135FC001F75DF /* Release */ = {
			isa = XCBuildConfiguration;
			buildSettings = {
				ALWAYS_SEARCH_USER_PATHS = NO;
				CLANG_CXX_LANGUAGE_STANDARD = "gnu++0x";
				CLANG_CXX_LIBRARY = "libc++";
				CLANG_ENABLE_MODULES = YES;
				CLANG_ENABLE_OBJC_ARC = YES;
				CLANG_WARN_BOOL_CONVERSION = YES;
				CLANG_WARN_CONSTANT_CONVERSION = YES;
				CLANG_WARN_DIRECT_OBJC_ISA_USAGE = YES_ERROR;
				CLANG_WARN_EMPTY_BODY = YES;
				CLANG_WARN_ENUM_CONVERSION = YES;
				CLANG_WARN_INT_CONVERSION = YES;
				CLANG_WARN_OBJC_ROOT_CLASS = YES_ERROR;
				CLANG_WARN_UNREACHABLE_CODE = YES;
				CLANG_WARN__DUPLICATE_METHOD_MATCH = YES;
				"CODE_SIGN_IDENTITY[sdk=iphoneos*]" = "iPhone Developer";
				COPY_PHASE_STRIP = NO;
				DEBUG_INFORMATION_FORMAT = "dwarf-with-dsym";
				ENABLE_NS_ASSERTIONS = NO;
				ENABLE_STRICT_OBJC_MSGSEND = YES;
				GCC_C_LANGUAGE_STANDARD = gnu99;
				GCC_NO_COMMON_BLOCKS = YES;
				GCC_WARN_64_TO_32_BIT_CONVERSION = YES;
				GCC_WARN_ABOUT_RETURN_TYPE = YES_ERROR;
				GCC_WARN_UNDECLARED_SELECTOR = YES;
				GCC_WARN_UNINITIALIZED_AUTOS = YES_AGGRESSIVE;
				GCC_WARN_UNUSED_FUNCTION = YES;
				GCC_WARN_UNUSED_VARIABLE = YES;
				IPHONEOS_DEPLOYMENT_TARGET = 9.2;
				MTL_ENABLE_DEBUG_INFO = NO;
				SDKROOT = iphoneos;
				TARGETED_DEVICE_FAMILY = "1,2";
				VALIDATE_PRODUCT = YES;
			};
			name = Release;
		};
		CD9D24E81C6135FC001F75DF /* Debug */ = {
			isa = XCBuildConfiguration;
			buildSettings = {
				ASSETCATALOG_COMPILER_APPICON_NAME = AppIcon;
				FRAMEWORK_SEARCH_PATHS = (
					"$(inherited)",
					"$(PROJECT_DIR)/Savvy",
					"$(PROJECT_DIR)",
				);
				INFOPLIST_FILE = Savvy/Info.plist;
				LD_RUNPATH_SEARCH_PATHS = "$(inherited) @executable_path/Frameworks";
				PRODUCT_BUNDLE_IDENTIFIER = cpe458.Savvy;
				PRODUCT_NAME = "$(TARGET_NAME)";
			};
			name = Debug;
		};
		CD9D24E91C6135FC001F75DF /* Release */ = {
			isa = XCBuildConfiguration;
			buildSettings = {
				ASSETCATALOG_COMPILER_APPICON_NAME = AppIcon;
				FRAMEWORK_SEARCH_PATHS = (
					"$(inherited)",
					"$(PROJECT_DIR)/Savvy",
					"$(PROJECT_DIR)",
				);
				INFOPLIST_FILE = Savvy/Info.plist;
				LD_RUNPATH_SEARCH_PATHS = "$(inherited) @executable_path/Frameworks";
				PRODUCT_BUNDLE_IDENTIFIER = cpe458.Savvy;
				PRODUCT_NAME = "$(TARGET_NAME)";
			};
			name = Release;
		};
		CD9D24EB1C6135FC001F75DF /* Debug */ = {
			isa = XCBuildConfiguration;
			buildSettings = {
				BUNDLE_LOADER = "$(TEST_HOST)";
				INFOPLIST_FILE = SavvyTests/Info.plist;
				LD_RUNPATH_SEARCH_PATHS = "$(inherited) @executable_path/Frameworks @loader_path/Frameworks";
				PRODUCT_BUNDLE_IDENTIFIER = csc458.SavvyTests;
				PRODUCT_NAME = "$(TARGET_NAME)";
				TEST_HOST = "$(BUILT_PRODUCTS_DIR)/Savvy.app/Savvy";
			};
			name = Debug;
		};
		CD9D24EC1C6135FC001F75DF /* Release */ = {
			isa = XCBuildConfiguration;
			buildSettings = {
				BUNDLE_LOADER = "$(TEST_HOST)";
				INFOPLIST_FILE = SavvyTests/Info.plist;
				LD_RUNPATH_SEARCH_PATHS = "$(inherited) @executable_path/Frameworks @loader_path/Frameworks";
				PRODUCT_BUNDLE_IDENTIFIER = csc458.SavvyTests;
				PRODUCT_NAME = "$(TARGET_NAME)";
				TEST_HOST = "$(BUILT_PRODUCTS_DIR)/Savvy.app/Savvy";
			};
			name = Release;
		};
		CD9D24EE1C6135FC001F75DF /* Debug */ = {
			isa = XCBuildConfiguration;
			buildSettings = {
				INFOPLIST_FILE = SavvyUITests/Info.plist;
				LD_RUNPATH_SEARCH_PATHS = "$(inherited) @executable_path/Frameworks @loader_path/Frameworks";
				PRODUCT_BUNDLE_IDENTIFIER = csc458.SavvyUITests;
				PRODUCT_NAME = "$(TARGET_NAME)";
				TEST_TARGET_NAME = Savvy;
				USES_XCTRUNNER = YES;
			};
			name = Debug;
		};
		CD9D24EF1C6135FC001F75DF /* Release */ = {
			isa = XCBuildConfiguration;
			buildSettings = {
				INFOPLIST_FILE = SavvyUITests/Info.plist;
				LD_RUNPATH_SEARCH_PATHS = "$(inherited) @executable_path/Frameworks @loader_path/Frameworks";
				PRODUCT_BUNDLE_IDENTIFIER = csc458.SavvyUITests;
				PRODUCT_NAME = "$(TARGET_NAME)";
				TEST_TARGET_NAME = Savvy;
				USES_XCTRUNNER = YES;
			};
			name = Release;
		};
/* End XCBuildConfiguration section */

/* Begin XCConfigurationList section */
		CD9D24BA1C6135FC001F75DF /* Build configuration list for PBXProject "Savvy" */ = {
			isa = XCConfigurationList;
			buildConfigurations = (
				CD9D24E51C6135FC001F75DF /* Debug */,
				CD9D24E61C6135FC001F75DF /* Release */,
			);
			defaultConfigurationIsVisible = 0;
			defaultConfigurationName = Release;
		};
		CD9D24E71C6135FC001F75DF /* Build configuration list for PBXNativeTarget "Savvy" */ = {
			isa = XCConfigurationList;
			buildConfigurations = (
				CD9D24E81C6135FC001F75DF /* Debug */,
				CD9D24E91C6135FC001F75DF /* Release */,
			);
			defaultConfigurationIsVisible = 0;
			defaultConfigurationName = Release;
		};
		CD9D24EA1C6135FC001F75DF /* Build configuration list for PBXNativeTarget "SavvyTests" */ = {
			isa = XCConfigurationList;
			buildConfigurations = (
				CD9D24EB1C6135FC001F75DF /* Debug */,
				CD9D24EC1C6135FC001F75DF /* Release */,
			);
			defaultConfigurationIsVisible = 0;
			defaultConfigurationName = Release;
		};
		CD9D24ED1C6135FC001F75DF /* Build configuration list for PBXNativeTarget "SavvyUITests" */ = {
			isa = XCConfigurationList;
			buildConfigurations = (
				CD9D24EE1C6135FC001F75DF /* Debug */,
				CD9D24EF1C6135FC001F75DF /* Release */,
			);
			defaultConfigurationIsVisible = 0;
			defaultConfigurationName = Release;
		};
/* End XCConfigurationList section */
	};
	rootObject = CD9D24B71C6135FC001F75DF /* Project object */;
}
